
Microsoft Visual Studio Solution File, Format Version 12.00
# Visual Studio Version 17
VisualStudioVersion = 17.0.31903.59
MinimumVisualStudioVersion = 10.0.40219.1
Project("{9A19103F-16F7-4668-BE54-9A1E7A4F7556}") = "game-engine", "game-engine\game-engine.csproj", "{961C5FD2-3281-4F42-9EFE-FE20A2897BFE}"
EndProject
Project("{9A19103F-16F7-4668-BE54-9A1E7A4F7556}") = "game", "game\game.csproj", "{DF62D12C-F5F2-41AB-95D7-8977AF631869}"
	ProjectSection(ProjectDependencies) = postProject
		{37B4217A-8118-4265-A01A-3623E5BC0D76} = {37B4217A-8118-4265-A01A-3623E5BC0D76}
	EndProjectSection
EndProject
Project("{9A19103F-16F7-4668-BE54-9A1E7A4F7556}") = "game-graphics", "game-graphics\game-graphics.csproj", "{016FF66E-A165-46DA-9BCA-10519A7EFAE6}"
	ProjectSection(ProjectDependencies) = postProject
		{37B4217A-8118-4265-A01A-3623E5BC0D76} = {37B4217A-8118-4265-A01A-3623E5BC0D76}
	EndProjectSection
EndProject
Project("{FAE04EC0-301F-11D3-BF4B-00C04F79EFBC}") = "game-contracts", "game-contracts\game-contracts.csproj", "{37B4217A-8118-4265-A01A-3623E5BC0D76}"
EndProject
Global
	GlobalSection(SolutionConfigurationPlatforms) = preSolution
		Debug|Any CPU = Debug|Any CPU
		Release|Any CPU = Release|Any CPU
	EndGlobalSection
	GlobalSection(ProjectConfigurationPlatforms) = postSolution
		{961C5FD2-3281-4F42-9EFE-FE20A2897BFE}.Debug|Any CPU.ActiveCfg = Debug|Any CPU
		{961C5FD2-3281-4F42-9EFE-FE20A2897BFE}.Debug|Any CPU.Build.0 = Debug|Any CPU
		{961C5FD2-3281-4F42-9EFE-FE20A2897BFE}.Release|Any CPU.ActiveCfg = Release|Any CPU
		{961C5FD2-3281-4F42-9EFE-FE20A2897BFE}.Release|Any CPU.Build.0 = Release|Any CPU
		{DF62D12C-F5F2-41AB-95D7-8977AF631869}.Debug|Any CPU.ActiveCfg = Debug|Any CPU
		{DF62D12C-F5F2-41AB-95D7-8977AF631869}.Debug|Any CPU.Build.0 = Debug|Any CPU
		{DF62D12C-F5F2-41AB-95D7-8977AF631869}.Release|Any CPU.ActiveCfg = Release|Any CPU
		{DF62D12C-F5F2-41AB-95D7-8977AF631869}.Release|Any CPU.Build.0 = Release|Any CPU
		{016FF66E-A165-46DA-9BCA-10519A7EFAE6}.Debug|Any CPU.ActiveCfg = Debug|Any CPU
		{016FF66E-A165-46DA-9BCA-10519A7EFAE6}.Debug|Any CPU.Build.0 = Debug|Any CPU
		{016FF66E-A165-46DA-9BCA-10519A7EFAE6}.Release|Any CPU.ActiveCfg = Release|Any CPU
		{016FF66E-A165-46DA-9BCA-10519A7EFAE6}.Release|Any CPU.Build.0 = Release|Any CPU
		{37B4217A-8118-4265-A01A-3623E5BC0D76}.Debug|Any CPU.ActiveCfg = Debug|Any CPU
		{37B4217A-8118-4265-A01A-3623E5BC0D76}.Debug|Any CPU.Build.0 = Debug|Any CPU
		{37B4217A-8118-4265-A01A-3623E5BC0D76}.Release|Any CPU.ActiveCfg = Release|Any CPU
		{37B4217A-8118-4265-A01A-3623E5BC0D76}.Release|Any CPU.Build.0 = Release|Any CPU
	EndGlobalSection
	GlobalSection(SolutionProperties) = preSolution
		HideSolutionNode = FALSE
	EndGlobalSection
	GlobalSection(ExtensibilityGlobals) = postSolution
		SolutionGuid = {0E0479E5-D6F3-4D04-ADE8-DCAF214C76E6}
	EndGlobalSection
EndGlobal
